
Microsoft Visual Studio Solution File, Format Version 12.00
# Visual Studio Version 17
VisualStudioVersion = 17.4.33122.133
MinimumVisualStudioVersion = 10.0.40219.1
Project("{9A19103F-16F7-4668-BE54-9A1E7A4F7556}") = "Base64Tool", "Base64Tool\Base64Tool.csproj", "{ECE0EB63-9D82-46D6-BED7-7B38655FFADB}"
EndProject
Project("{FAE04EC0-301F-11D3-BF4B-00C04F79EFBC}") = "Calculator", "Calculator\Calculator.csproj", "{4E1E753C-D26E-4BD6-880B-5244963D10A5}"
EndProject
Global
	GlobalSection(SolutionConfigurationPlatforms) = preSolution
		Debug|Any CPU = Debug|Any CPU
		Release|Any CPU = Release|Any CPU
	EndGlobalSection
	GlobalSection(ProjectConfigurationPlatforms) = postSolution
		{ECE0EB63-9D82-46D6-BED7-7B38655FFADB}.Debug|Any CPU.ActiveCfg = Debug|Any CPU
		{ECE0EB63-9D82-46D6-BED7-7B38655FFADB}.Debug|Any CPU.Build.0 = Debug|Any CPU
		{ECE0EB63-9D82-46D6-BED7-7B38655FFADB}.Release|Any CPU.ActiveCfg = Release|Any CPU
		{ECE0EB63-9D82-46D6-BED7-7B38655FFADB}.Release|Any CPU.Build.0 = Release|Any CPU
		{4E1E753C-D26E-4BD6-880B-5244963D10A5}.Debug|Any CPU.ActiveCfg = Debug|Any CPU
		{4E1E753C-D26E-4BD6-880B-5244963D10A5}.Debug|Any CPU.Build.0 = Debug|Any CPU
		{4E1E753C-D26E-4BD6-880B-5244963D10A5}.Release|Any CPU.ActiveCfg = Release|Any CPU
		{4E1E753C-D26E-4BD6-880B-5244963D10A5}.Release|Any CPU.Build.0 = Release|Any CPU
	EndGlobalSection
	GlobalSection(SolutionProperties) = preSolution
		HideSolutionNode = FALSE
	EndGlobalSection
	GlobalSection(ExtensibilityGlobals) = postSolution
		SolutionGuid = {7B363757-B33E-459B-A586-252A7BFBE76E}
	EndGlobalSection
EndGlobal
